
Microsoft Visual Studio Solution File, Format Version 12.00
Project("{2150E333-8FDC-42A3-9474-1A3956D46DE8}") = "Core", "Core", "{D476D749-85F2-4AE1-9551-E9469A9AF6D0}"
EndProject
Project("{2150E333-8FDC-42A3-9474-1A3956D46DE8}") = "Infrastructure", "Infrastructure", "{A4A950E6-5B6C-43C7-BAA1-AF9673AF489E}"
EndProject
Project("{2150E333-8FDC-42A3-9474-1A3956D46DE8}") = "UI", "UI", "{361B66A3-B8A5-436C-A6CE-D9F7C571FA50}"
EndProject
Project("{FAE04EC0-301F-11D3-BF4B-00C04F79EFBC}") = "BestInClass.Core", "BestInClass.Core\BestInClass.Core.csproj", "{A225A161-04E0-49E0-A76A-6B08D70CE5D9}"
EndProject
Project("{FAE04EC0-301F-11D3-BF4B-00C04F79EFBC}") = "BestInClass.Core.Entity", "BestInClass.Core.Entity\BestInClass.Core.Entity.csproj", "{271FCD5B-1135-4CC0-925D-62DAE2CB52AC}"
EndProject
Project("{FAE04EC0-301F-11D3-BF4B-00C04F79EFBC}") = "BestInClass.Infrastructure.Data", "BestInClass.Infrastructure.Data\BestInClass.Infrastructure.Data.csproj", "{71E7E76D-6DE3-45A5-B48D-4B398C0DB5C3}"
EndProject
Project("{FAE04EC0-301F-11D3-BF4B-00C04F79EFBC}") = "HTech.BestInClass.RestAPI", "HTech.BestInClass.RestAPI\HTech.BestInClass.RestAPI.csproj", "{4B834D42-61F4-46F4-AB59-DB5133C7DDD5}"
EndProject
Global
	GlobalSection(SolutionConfigurationPlatforms) = preSolution
		Debug|Any CPU = Debug|Any CPU
		Release|Any CPU = Release|Any CPU
	EndGlobalSection
	GlobalSection(NestedProjects) = preSolution
		{A225A161-04E0-49E0-A76A-6B08D70CE5D9} = {D476D749-85F2-4AE1-9551-E9469A9AF6D0}
		{271FCD5B-1135-4CC0-925D-62DAE2CB52AC} = {D476D749-85F2-4AE1-9551-E9469A9AF6D0}
		{71E7E76D-6DE3-45A5-B48D-4B398C0DB5C3} = {A4A950E6-5B6C-43C7-BAA1-AF9673AF489E}
		{4B834D42-61F4-46F4-AB59-DB5133C7DDD5} = {361B66A3-B8A5-436C-A6CE-D9F7C571FA50}
	EndGlobalSection
	GlobalSection(ProjectConfigurationPlatforms) = postSolution
		{A225A161-04E0-49E0-A76A-6B08D70CE5D9}.Debug|Any CPU.ActiveCfg = Debug|Any CPU
		{A225A161-04E0-49E0-A76A-6B08D70CE5D9}.Debug|Any CPU.Build.0 = Debug|Any CPU
		{A225A161-04E0-49E0-A76A-6B08D70CE5D9}.Release|Any CPU.ActiveCfg = Release|Any CPU
		{A225A161-04E0-49E0-A76A-6B08D70CE5D9}.Release|Any CPU.Build.0 = Release|Any CPU
		{271FCD5B-1135-4CC0-925D-62DAE2CB52AC}.Debug|Any CPU.ActiveCfg = Debug|Any CPU
		{271FCD5B-1135-4CC0-925D-62DAE2CB52AC}.Debug|Any CPU.Build.0 = Debug|Any CPU
		{271FCD5B-1135-4CC0-925D-62DAE2CB52AC}.Release|Any CPU.ActiveCfg = Release|Any CPU
		{271FCD5B-1135-4CC0-925D-62DAE2CB52AC}.Release|Any CPU.Build.0 = Release|Any CPU
		{71E7E76D-6DE3-45A5-B48D-4B398C0DB5C3}.Debug|Any CPU.ActiveCfg = Debug|Any CPU
		{71E7E76D-6DE3-45A5-B48D-4B398C0DB5C3}.Debug|Any CPU.Build.0 = Debug|Any CPU
		{71E7E76D-6DE3-45A5-B48D-4B398C0DB5C3}.Release|Any CPU.ActiveCfg = Release|Any CPU
		{71E7E76D-6DE3-45A5-B48D-4B398C0DB5C3}.Release|Any CPU.Build.0 = Release|Any CPU
		{4B834D42-61F4-46F4-AB59-DB5133C7DDD5}.Debug|Any CPU.ActiveCfg = Debug|Any CPU
		{4B834D42-61F4-46F4-AB59-DB5133C7DDD5}.Debug|Any CPU.Build.0 = Debug|Any CPU
		{4B834D42-61F4-46F4-AB59-DB5133C7DDD5}.Release|Any CPU.ActiveCfg = Release|Any CPU
		{4B834D42-61F4-46F4-AB59-DB5133C7DDD5}.Release|Any CPU.Build.0 = Release|Any CPU
	EndGlobalSection
EndGlobal
